
Microsoft Visual Studio Solution File, Format Version 12.00
# Visual Studio Version 16
VisualStudioVersion = 16.0.31019.35
MinimumVisualStudioVersion = 10.0.40219.1
Project("{FAE04EC0-301F-11D3-BF4B-00C04F79EFBC}") = "DiscordRoleManager", "DiscordRoleManager\DiscordRoleManager.csproj", "{CF9950AD-18B3-4355-999D-08E19E363665}"
EndProject
Global
	GlobalSection(SolutionConfigurationPlatforms) = preSolution
		Debug|Any CPU = Debug|Any CPU
		Release|Any CPU = Release|Any CPU
	EndGlobalSection
	GlobalSection(ProjectConfigurationPlatforms) = postSolution
		{CF9950AD-18B3-4355-999D-08E19E363665}.Debug|Any CPU.ActiveCfg = Debug|Any CPU
		{CF9950AD-18B3-4355-999D-08E19E363665}.Debug|Any CPU.Build.0 = Debug|Any CPU
		{CF9950AD-18B3-4355-999D-08E19E363665}.Release|Any CPU.ActiveCfg = Release|Any CPU
		{CF9950AD-18B3-4355-999D-08E19E363665}.Release|Any CPU.Build.0 = Release|Any CPU
	EndGlobalSection
	GlobalSection(SolutionProperties) = preSolution
		HideSolutionNode = FALSE
	EndGlobalSection
	GlobalSection(ExtensibilityGlobals) = postSolution
		SolutionGuid = {A318DB3D-6651-499B-9169-F9CFA6CB90E7}
	EndGlobalSection
EndGlobal
